
Microsoft Visual Studio Solution File, Format Version 12.00
# Visual Studio Version 17
VisualStudioVersion = 17.2.32616.157
MinimumVisualStudioVersion = 10.0.40219.1
Project("{9A19103F-16F7-4668-BE54-9A1E7A4F7556}") = "BulkyBook", "BulkyBook\BulkyBook.csproj", "{E150A046-7841-45F6-9649-994D02675EB0}"
EndProject
Project("{FAE04EC0-301F-11D3-BF4B-00C04F79EFBC}") = "BulkyBook.Models", "BulkyBook.Models\BulkyBook.Models.csproj", "{0FF10DED-375D-458F-91E0-D88F6ADE3CCC}"
EndProject
Project("{FAE04EC0-301F-11D3-BF4B-00C04F79EFBC}") = "BulkyBook.Utility", "BulkyBook.Utility\BulkyBook.Utility.csproj", "{3E90E6DE-E435-45AF-820A-06AD91CA0879}"
EndProject
Project("{FAE04EC0-301F-11D3-BF4B-00C04F79EFBC}") = "BulkyBook.DataAccess", "BulkyBook.DataAccess\BulkyBook.DataAccess.csproj", "{C5DF85F9-DD93-4B59-9386-8ACA323D94D1}"
EndProject
Global
	GlobalSection(SolutionConfigurationPlatforms) = preSolution
		Debug|Any CPU = Debug|Any CPU
		Release|Any CPU = Release|Any CPU
	EndGlobalSection
	GlobalSection(ProjectConfigurationPlatforms) = postSolution
		{E150A046-7841-45F6-9649-994D02675EB0}.Debug|Any CPU.ActiveCfg = Debug|Any CPU
		{E150A046-7841-45F6-9649-994D02675EB0}.Debug|Any CPU.Build.0 = Debug|Any CPU
		{E150A046-7841-45F6-9649-994D02675EB0}.Release|Any CPU.ActiveCfg = Release|Any CPU
		{E150A046-7841-45F6-9649-994D02675EB0}.Release|Any CPU.Build.0 = Release|Any CPU
		{0FF10DED-375D-458F-91E0-D88F6ADE3CCC}.Debug|Any CPU.ActiveCfg = Debug|Any CPU
		{0FF10DED-375D-458F-91E0-D88F6ADE3CCC}.Debug|Any CPU.Build.0 = Debug|Any CPU
		{0FF10DED-375D-458F-91E0-D88F6ADE3CCC}.Release|Any CPU.ActiveCfg = Release|Any CPU
		{0FF10DED-375D-458F-91E0-D88F6ADE3CCC}.Release|Any CPU.Build.0 = Release|Any CPU
		{3E90E6DE-E435-45AF-820A-06AD91CA0879}.Debug|Any CPU.ActiveCfg = Debug|Any CPU
		{3E90E6DE-E435-45AF-820A-06AD91CA0879}.Debug|Any CPU.Build.0 = Debug|Any CPU
		{3E90E6DE-E435-45AF-820A-06AD91CA0879}.Release|Any CPU.ActiveCfg = Release|Any CPU
		{3E90E6DE-E435-45AF-820A-06AD91CA0879}.Release|Any CPU.Build.0 = Release|Any CPU
		{C5DF85F9-DD93-4B59-9386-8ACA323D94D1}.Debug|Any CPU.ActiveCfg = Debug|Any CPU
		{C5DF85F9-DD93-4B59-9386-8ACA323D94D1}.Debug|Any CPU.Build.0 = Debug|Any CPU
		{C5DF85F9-DD93-4B59-9386-8ACA323D94D1}.Release|Any CPU.ActiveCfg = Release|Any CPU
		{C5DF85F9-DD93-4B59-9386-8ACA323D94D1}.Release|Any CPU.Build.0 = Release|Any CPU
	EndGlobalSection
	GlobalSection(SolutionProperties) = preSolution
		HideSolutionNode = FALSE
	EndGlobalSection
	GlobalSection(ExtensibilityGlobals) = postSolution
		SolutionGuid = {1FB52A13-0B89-4A7B-953F-7D1429BFF0AC}
	EndGlobalSection
EndGlobal
